{
	"name": "@nakatanakatana/eslint-config-dom",
	"version": "0.0.5",
	"lockfileVersion": 1,
	"requires": true,
	"dependencies": {
		"@mdn/browser-compat-data": {
			"version": "4.1.10",
			"resolved": "https://registry.npmjs.org/@mdn/browser-compat-data/-/browser-compat-data-4.1.10.tgz",
			"integrity": "sha512-z3UzXqOjrgUnKENwdhFZmU7oeEWTOjUmWGQtXTOEbTR1FdwSBF6RCU6RPkv10ryP00y5ybCUm++4t5B8Wc3tPg=="
		},
		"ast-metadata-inferer": {
			"version": "0.7.0",
			"resolved": "https://registry.npmjs.org/ast-metadata-inferer/-/ast-metadata-inferer-0.7.0.tgz",
			"integrity": "sha512-OkMLzd8xelb3gmnp6ToFvvsHLtS6CbagTkFQvQ+ZYFe3/AIl9iKikNR9G7pY3GfOR/2Xc222hwBjzI7HLkE76Q==",
			"requires": {
				"@mdn/browser-compat-data": "^3.3.14"
			},
			"dependencies": {
				"@mdn/browser-compat-data": {
					"version": "3.3.14",
					"resolved": "https://registry.npmjs.org/@mdn/browser-compat-data/-/browser-compat-data-3.3.14.tgz",
					"integrity": "sha512-n2RC9d6XatVbWFdHLimzzUJxJ1KY8LdjqrW6YvGPiRmsHkhOUx74/Ct10x5Yo7bC/Jvqx7cDEW8IMPv/+vwEzA=="
				}
			}
		},
		"browserslist": {
			"version": "4.20.0",
			"resolved": "https://registry.npmjs.org/browserslist/-/browserslist-4.20.0.tgz",
			"integrity": "sha512-bnpOoa+DownbciXj0jVGENf8VYQnE2LNWomhYuCsMmmx9Jd9lwq0WXODuwpSsp8AVdKM2/HorrzxAfbKvWTByQ==",
			"requires": {
				"caniuse-lite": "^1.0.30001313",
				"electron-to-chromium": "^1.4.76",
				"escalade": "^3.1.1",
				"node-releases": "^2.0.2",
				"picocolors": "^1.0.0"
			}
		},
		"caniuse-lite": {
			"version": "1.0.30001313",
			"resolved": "https://registry.npmjs.org/caniuse-lite/-/caniuse-lite-1.0.30001313.tgz",
			"integrity": "sha512-rI1UN0koZUiKINjysQDuRi2VeSCce3bYJNmDcj3PIKREiAmjakugBul1QSkg/fPrlULYl6oWfGg3PbgOSY9X4Q=="
		},
		"core-js": {
			"version": "3.21.1",
			"resolved": "https://registry.npmjs.org/core-js/-/core-js-3.21.1.tgz",
			"integrity": "sha512-FRq5b/VMrWlrmCzwRrpDYNxyHP9BcAZC+xHJaqTgIE5091ZV1NTmyh0sGOg5XqpnHvR0svdy0sv1gWA1zmhxig=="
		},
		"electron-to-chromium": {
			"version": "1.4.76",
			"resolved": "https://registry.npmjs.org/electron-to-chromium/-/electron-to-chromium-1.4.76.tgz",
			"integrity": "sha512-3Vftv7cenJtQb+k00McEBZ2vVmZ/x+HEF7pcZONZIkOsESqAqVuACmBxMv0JhzX7u0YltU0vSqRqgBSTAhFUjA=="
		},
		"escalade": {
			"version": "3.1.1",
			"resolved": "https://registry.npmjs.org/escalade/-/escalade-3.1.1.tgz",
			"integrity": "sha512-k0er2gUkLf8O0zKJiAhmkTnJlTvINGv7ygDNPbeIsX/TJjGJZHuh9B2UxbsaEkmlEo9MfhrSzmhIlhRlI2GXnw=="
		},
		"eslint-plugin-compat": {
			"version": "4.0.2",
			"resolved": "https://registry.npmjs.org/eslint-plugin-compat/-/eslint-plugin-compat-4.0.2.tgz",
			"integrity": "sha512-xqvoO54CLTVaEYGMzhu35Wzwk/As7rCvz/2dqwnFiWi0OJccEtGIn+5qq3zqIu9nboXlpdBN579fZcItC73Ycg==",
			"requires": {
				"@mdn/browser-compat-data": "^4.1.5",
				"ast-metadata-inferer": "^0.7.0",
				"browserslist": "^4.16.8",
				"caniuse-lite": "^1.0.30001304",
				"core-js": "^3.16.2",
				"find-up": "^5.0.0",
				"lodash.memoize": "4.1.2",
				"semver": "7.3.5"
			}
		},
		"find-up": {
			"version": "5.0.0",
			"resolved": "https://registry.npmjs.org/find-up/-/find-up-5.0.0.tgz",
			"integrity": "sha512-78/PXT1wlLLDgTzDs7sjq9hzz0vXD+zn+7wypEe4fXQxCmdmqfGsEPQxmiCSQI3ajFV91bVSsvNtrJRiW6nGng==",
			"requires": {
				"locate-path": "^6.0.0",
				"path-exists": "^4.0.0"
			}
		},
		"locate-path": {
			"version": "6.0.0",
			"resolved": "https://registry.npmjs.org/locate-path/-/locate-path-6.0.0.tgz",
			"integrity": "sha512-iPZK6eYjbxRu3uB4/WZ3EsEIMJFMqAoopl3R+zuq0UjcAm/MO6KCweDgPfP3elTztoKP3KtnVHxTn2NHBSDVUw==",
			"requires": {
				"p-locate": "^5.0.0"
			}
		},
		"lodash.memoize": {
			"version": "4.1.2",
			"resolved": "https://registry.npmjs.org/lodash.memoize/-/lodash.memoize-4.1.2.tgz",
			"integrity": "sha1-vMbEmkKihA7Zl/Mj6tpezRguC/4="
		},
		"lru-cache": {
			"version": "6.0.0",
			"resolved": "https://registry.npmjs.org/lru-cache/-/lru-cache-6.0.0.tgz",
			"integrity": "sha512-Jo6dJ04CmSjuznwJSS3pUeWmd/H0ffTlkXXgwZi+eq1UCmqQwCh+eLsYOYCwY991i2Fah4h1BEMCx4qThGbsiA==",
			"requires": {
				"yallist": "^4.0.0"
			}
		},
		"node-releases": {
			"version": "2.0.2",
			"resolved": "https://registry.npmjs.org/node-releases/-/node-releases-2.0.2.tgz",
			"integrity": "sha512-XxYDdcQ6eKqp/YjI+tb2C5WM2LgjnZrfYg4vgQt49EK268b6gYCHsBLrK2qvJo4FmCtqmKezb0WZFK4fkrZNsg=="
		},
		"p-limit": {
			"version": "3.1.0",
			"resolved": "https://registry.npmjs.org/p-limit/-/p-limit-3.1.0.tgz",
			"integrity": "sha512-TYOanM3wGwNGsZN2cVTYPArw454xnXj5qmWF1bEoAc4+cU/ol7GVh7odevjp1FNHduHc3KZMcFduxU5Xc6uJRQ==",
			"requires": {
				"yocto-queue": "^0.1.0"
			}
		},
		"p-locate": {
			"version": "5.0.0",
			"resolved": "https://registry.npmjs.org/p-locate/-/p-locate-5.0.0.tgz",
			"integrity": "sha512-LaNjtRWUBY++zB5nE/NwcaoMylSPk+S+ZHNB1TzdbMJMny6dynpAGt7X/tl/QYq3TIeE6nxHppbo2LGymrG5Pw==",
			"requires": {
				"p-limit": "^3.0.2"
			}
		},
		"path-exists": {
			"version": "4.0.0",
			"resolved": "https://registry.npmjs.org/path-exists/-/path-exists-4.0.0.tgz",
			"integrity": "sha512-ak9Qy5Q7jYb2Wwcey5Fpvg2KoAc/ZIhLSLOSBmRmygPsGwkVVt0fZa0qrtMz+m6tJTAHfZQ8FnmB4MG4LWy7/w=="
		},
		"picocolors": {
			"version": "1.0.0",
			"resolved": "https://registry.npmjs.org/picocolors/-/picocolors-1.0.0.tgz",
			"integrity": "sha512-1fygroTLlHu66zi26VoTDv8yRgm0Fccecssto+MhsZ0D/DGW2sm8E8AjW7NU5VVTRt5GxbeZ5qBuJr+HyLYkjQ=="
		},
		"semver": {
			"version": "7.3.5",
			"resolved": "https://registry.npmjs.org/semver/-/semver-7.3.5.tgz",
			"integrity": "sha512-PoeGJYh8HK4BTO/a9Tf6ZG3veo/A7ZVsYrSA6J8ny9nb3B1VrpkuN+z9OE5wfE5p6H4LchYZsegiQgbJD94ZFQ==",
			"requires": {
				"lru-cache": "^6.0.0"
			}
		},
		"yallist": {
			"version": "4.0.0",
			"resolved": "https://registry.npmjs.org/yallist/-/yallist-4.0.0.tgz",
			"integrity": "sha512-3wdGidZyq5PB084XLES5TpOSRA3wjXAlIWMhum2kRcv/41Sn2emQ0dycQW4uZXLejwKvg6EsvbdlVL+FYEct7A=="
		},
		"yocto-queue": {
			"version": "0.1.0",
			"resolved": "https://registry.npmjs.org/yocto-queue/-/yocto-queue-0.1.0.tgz",
			"integrity": "sha512-rVksvsnNCdJ/ohGc6xgPwyN8eheCxsiLM8mxuE/t/mOVqJewPuO1miLpTHQiRgTKCLexL4MeAFVagts7HmNZ2Q=="
		}
	}
}
