{
	"name": "@nakatanakatana/eslint-config-dom",
	"version": "0.0.5",
	"lockfileVersion": 1,
	"requires": true,
	"dependencies": {
		"@mdn/browser-compat-data": {
			"version": "5.2.63",
			"resolved": "https://registry.npmjs.org/@mdn/browser-compat-data/-/browser-compat-data-5.2.63.tgz",
			"integrity": "sha512-8mcKSVs3mgE/bDtCslguSAU4trXFzuLFfVpIUaw/iKHuPMPU0HUUrvMTTIC7djeqjtPMk2VxMtgrnE0x9D2fQg=="
		},
		"@tsconfig/node14": {
			"version": "1.0.3",
			"resolved": "https://registry.npmjs.org/@tsconfig/node14/-/node14-1.0.3.tgz",
			"integrity": "sha512-ysT8mhdixWK6Hw3i1V2AeRqZ5WfXg1G43mqoYlM2nc6388Fq5jcXyr5mRsqViLx/GJYdoL0bfXD8nmF+Zn/Iow=="
		},
		"ast-metadata-inferer": {
			"version": "0.8.0",
			"resolved": "https://registry.npmjs.org/ast-metadata-inferer/-/ast-metadata-inferer-0.8.0.tgz",
			"integrity": "sha512-jOMKcHht9LxYIEQu+RVd22vtgrPaVCtDRQ/16IGmurdzxvYbDd5ynxjnyrzLnieG96eTcAyaoj/wN/4/1FyyeA==",
			"requires": {
				"@mdn/browser-compat-data": "^5.2.34"
			}
		},
		"browserslist": {
			"version": "4.21.7",
			"resolved": "https://registry.npmjs.org/browserslist/-/browserslist-4.21.7.tgz",
			"integrity": "sha512-BauCXrQ7I2ftSqd2mvKHGo85XR0u7Ru3C/Hxsy/0TkfCtjrmAbPdzLGasmoiBxplpDXlPvdjX9u7srIMfgasNA==",
			"requires": {
				"caniuse-lite": "^1.0.30001489",
				"electron-to-chromium": "^1.4.411",
				"node-releases": "^2.0.12",
				"update-browserslist-db": "^1.0.11"
			}
		},
		"caniuse-lite": {
			"version": "1.0.30001498",
			"resolved": "https://registry.npmjs.org/caniuse-lite/-/caniuse-lite-1.0.30001498.tgz",
			"integrity": "sha512-LFInN2zAwx3ANrGCDZ5AKKJroHqNKyjXitdV5zRIVIaQlXKj3GmxUKagoKsjqUfckpAObPCEWnk5EeMlyMWcgw=="
		},
		"electron-to-chromium": {
			"version": "1.4.427",
			"resolved": "https://registry.npmjs.org/electron-to-chromium/-/electron-to-chromium-1.4.427.tgz",
			"integrity": "sha512-HK3r9l+Jm8dYAm1ctXEWIC+hV60zfcjS9UA5BDlYvnI5S7PU/yytjpvSrTNrSSRRkuu3tDyZhdkwIczh+0DWaw=="
		},
		"escalade": {
			"version": "3.1.1",
			"resolved": "https://registry.npmjs.org/escalade/-/escalade-3.1.1.tgz",
			"integrity": "sha512-k0er2gUkLf8O0zKJiAhmkTnJlTvINGv7ygDNPbeIsX/TJjGJZHuh9B2UxbsaEkmlEo9MfhrSzmhIlhRlI2GXnw=="
		},
		"eslint-plugin-compat": {
			"version": "4.1.4",
			"resolved": "https://registry.npmjs.org/eslint-plugin-compat/-/eslint-plugin-compat-4.1.4.tgz",
			"integrity": "sha512-RxySWBmzfIROLFKgeJBJue2BU/6vM2KJWXWAUq+oW4QtrsZXRxbjgxmO1OfF3sHcRuuIenTS/wgo3GyUWZF24w==",
			"requires": {
				"@mdn/browser-compat-data": "^5.2.47",
				"@tsconfig/node14": "^1.0.3",
				"ast-metadata-inferer": "^0.8.0",
				"browserslist": "^4.21.5",
				"caniuse-lite": "^1.0.30001473",
				"find-up": "^5.0.0",
				"lodash.memoize": "4.1.2",
				"semver": "7.3.8"
			}
		},
		"find-up": {
			"version": "5.0.0",
			"resolved": "https://registry.npmjs.org/find-up/-/find-up-5.0.0.tgz",
			"integrity": "sha512-78/PXT1wlLLDgTzDs7sjq9hzz0vXD+zn+7wypEe4fXQxCmdmqfGsEPQxmiCSQI3ajFV91bVSsvNtrJRiW6nGng==",
			"requires": {
				"locate-path": "^6.0.0",
				"path-exists": "^4.0.0"
			}
		},
		"locate-path": {
			"version": "6.0.0",
			"resolved": "https://registry.npmjs.org/locate-path/-/locate-path-6.0.0.tgz",
			"integrity": "sha512-iPZK6eYjbxRu3uB4/WZ3EsEIMJFMqAoopl3R+zuq0UjcAm/MO6KCweDgPfP3elTztoKP3KtnVHxTn2NHBSDVUw==",
			"requires": {
				"p-locate": "^5.0.0"
			}
		},
		"lodash.memoize": {
			"version": "4.1.2",
			"resolved": "https://registry.npmjs.org/lodash.memoize/-/lodash.memoize-4.1.2.tgz",
			"integrity": "sha512-t7j+NzmgnQzTAYXcsHYLgimltOV1MXHtlOWf6GjL9Kj8GK5FInw5JotxvbOs+IvV1/Dzo04/fCGfLVs7aXb4Ag=="
		},
		"lru-cache": {
			"version": "6.0.0",
			"resolved": "https://registry.npmjs.org/lru-cache/-/lru-cache-6.0.0.tgz",
			"integrity": "sha512-Jo6dJ04CmSjuznwJSS3pUeWmd/H0ffTlkXXgwZi+eq1UCmqQwCh+eLsYOYCwY991i2Fah4h1BEMCx4qThGbsiA==",
			"requires": {
				"yallist": "^4.0.0"
			}
		},
		"node-releases": {
			"version": "2.0.12",
			"resolved": "https://registry.npmjs.org/node-releases/-/node-releases-2.0.12.tgz",
			"integrity": "sha512-QzsYKWhXTWx8h1kIvqfnC++o0pEmpRQA/aenALsL2F4pqNVr7YzcdMlDij5WBnwftRbJCNJL/O7zdKaxKPHqgQ=="
		},
		"p-limit": {
			"version": "3.1.0",
			"resolved": "https://registry.npmjs.org/p-limit/-/p-limit-3.1.0.tgz",
			"integrity": "sha512-TYOanM3wGwNGsZN2cVTYPArw454xnXj5qmWF1bEoAc4+cU/ol7GVh7odevjp1FNHduHc3KZMcFduxU5Xc6uJRQ==",
			"requires": {
				"yocto-queue": "^0.1.0"
			}
		},
		"p-locate": {
			"version": "5.0.0",
			"resolved": "https://registry.npmjs.org/p-locate/-/p-locate-5.0.0.tgz",
			"integrity": "sha512-LaNjtRWUBY++zB5nE/NwcaoMylSPk+S+ZHNB1TzdbMJMny6dynpAGt7X/tl/QYq3TIeE6nxHppbo2LGymrG5Pw==",
			"requires": {
				"p-limit": "^3.0.2"
			}
		},
		"path-exists": {
			"version": "4.0.0",
			"resolved": "https://registry.npmjs.org/path-exists/-/path-exists-4.0.0.tgz",
			"integrity": "sha512-ak9Qy5Q7jYb2Wwcey5Fpvg2KoAc/ZIhLSLOSBmRmygPsGwkVVt0fZa0qrtMz+m6tJTAHfZQ8FnmB4MG4LWy7/w=="
		},
		"picocolors": {
			"version": "1.0.0",
			"resolved": "https://registry.npmjs.org/picocolors/-/picocolors-1.0.0.tgz",
			"integrity": "sha512-1fygroTLlHu66zi26VoTDv8yRgm0Fccecssto+MhsZ0D/DGW2sm8E8AjW7NU5VVTRt5GxbeZ5qBuJr+HyLYkjQ=="
		},
		"semver": {
			"version": "7.3.8",
			"resolved": "https://registry.npmjs.org/semver/-/semver-7.3.8.tgz",
			"integrity": "sha512-NB1ctGL5rlHrPJtFDVIVzTyQylMLu9N9VICA6HSFJo8MCGVTMW6gfpicwKmmK/dAjTOrqu5l63JJOpDSrAis3A==",
			"requires": {
				"lru-cache": "^6.0.0"
			}
		},
		"update-browserslist-db": {
			"version": "1.0.11",
			"resolved": "https://registry.npmjs.org/update-browserslist-db/-/update-browserslist-db-1.0.11.tgz",
			"integrity": "sha512-dCwEFf0/oT85M1fHBg4F0jtLwJrutGoHSQXCh7u4o2t1drG+c0a9Flnqww6XUKSfQMPpJBRjU8d4RXB09qtvaA==",
			"requires": {
				"escalade": "^3.1.1",
				"picocolors": "^1.0.0"
			}
		},
		"yallist": {
			"version": "4.0.0",
			"resolved": "https://registry.npmjs.org/yallist/-/yallist-4.0.0.tgz",
			"integrity": "sha512-3wdGidZyq5PB084XLES5TpOSRA3wjXAlIWMhum2kRcv/41Sn2emQ0dycQW4uZXLejwKvg6EsvbdlVL+FYEct7A=="
		},
		"yocto-queue": {
			"version": "0.1.0",
			"resolved": "https://registry.npmjs.org/yocto-queue/-/yocto-queue-0.1.0.tgz",
			"integrity": "sha512-rVksvsnNCdJ/ohGc6xgPwyN8eheCxsiLM8mxuE/t/mOVqJewPuO1miLpTHQiRgTKCLexL4MeAFVagts7HmNZ2Q=="
		}
	}
}
